
Microsoft Visual Studio Solution File, Format Version 12.00
# Visual Studio 15
VisualStudioVersion = 15.0.28307.421
MinimumVisualStudioVersion = 10.0.40219.1
Project("{FAE04EC0-301F-11D3-BF4B-00C04F79EFBC}") = "CalculatorConsoleApp", "CalculatorConsoleApp\CalculatorConsoleApp.csproj", "{0A34BC78-FE43-4E52-9EC1-5E08A8EF08EE}"
EndProject
Project("{FAE04EC0-301F-11D3-BF4B-00C04F79EFBC}") = "CalculatorWindowsFormsApp", "CalculatorWindowsFormsApp\CalculatorWindowsFormsApp.csproj", "{406C5E5B-6E7B-4B00-BCC5-8E78C911F1E1}"
EndProject
Global
	GlobalSection(SolutionConfigurationPlatforms) = preSolution
		Debug|Any CPU = Debug|Any CPU
		Release|Any CPU = Release|Any CPU
	EndGlobalSection
	GlobalSection(ProjectConfigurationPlatforms) = postSolution
		{0A34BC78-FE43-4E52-9EC1-5E08A8EF08EE}.Debug|Any CPU.ActiveCfg = Debug|Any CPU
		{0A34BC78-FE43-4E52-9EC1-5E08A8EF08EE}.Debug|Any CPU.Build.0 = Debug|Any CPU
		{0A34BC78-FE43-4E52-9EC1-5E08A8EF08EE}.Release|Any CPU.ActiveCfg = Release|Any CPU
		{0A34BC78-FE43-4E52-9EC1-5E08A8EF08EE}.Release|Any CPU.Build.0 = Release|Any CPU
		{406C5E5B-6E7B-4B00-BCC5-8E78C911F1E1}.Debug|Any CPU.ActiveCfg = Debug|Any CPU
		{406C5E5B-6E7B-4B00-BCC5-8E78C911F1E1}.Debug|Any CPU.Build.0 = Debug|Any CPU
		{406C5E5B-6E7B-4B00-BCC5-8E78C911F1E1}.Release|Any CPU.ActiveCfg = Release|Any CPU
		{406C5E5B-6E7B-4B00-BCC5-8E78C911F1E1}.Release|Any CPU.Build.0 = Release|Any CPU
	EndGlobalSection
	GlobalSection(SolutionProperties) = preSolution
		HideSolutionNode = FALSE
	EndGlobalSection
	GlobalSection(ExtensibilityGlobals) = postSolution
		SolutionGuid = {84686E2A-4ABF-4566-9814-103616B2B98A}
	EndGlobalSection
EndGlobal
